
Microsoft Visual Studio Solution File, Format Version 12.00
# Visual Studio Version 17
VisualStudioVersion = 17.5.33627.172
MinimumVisualStudioVersion = 10.0.40219.1
Project("{9A19103F-16F7-4668-BE54-9A1E7A4F7556}") = "NDNN-GUI", "NDNN-GUI\NDNN-GUI.csproj", "{7DC45862-FF43-4BC7-820A-88118F4D7D9B}"
EndProject
Project("{FAE04EC0-301F-11D3-BF4B-00C04F79EFBC}") = "NDNN", "NDNN\NDNN.csproj", "{53E81393-E3F1-466D-B445-AA591294F969}"
EndProject
Global
	GlobalSection(SolutionConfigurationPlatforms) = preSolution
		Debug|Any CPU = Debug|Any CPU
		Release|Any CPU = Release|Any CPU
	EndGlobalSection
	GlobalSection(ProjectConfigurationPlatforms) = postSolution
		{7DC45862-FF43-4BC7-820A-88118F4D7D9B}.Debug|Any CPU.ActiveCfg = Debug|Any CPU
		{7DC45862-FF43-4BC7-820A-88118F4D7D9B}.Debug|Any CPU.Build.0 = Debug|Any CPU
		{7DC45862-FF43-4BC7-820A-88118F4D7D9B}.Release|Any CPU.ActiveCfg = Release|Any CPU
		{7DC45862-FF43-4BC7-820A-88118F4D7D9B}.Release|Any CPU.Build.0 = Release|Any CPU
		{53E81393-E3F1-466D-B445-AA591294F969}.Debug|Any CPU.ActiveCfg = Debug|Any CPU
		{53E81393-E3F1-466D-B445-AA591294F969}.Debug|Any CPU.Build.0 = Debug|Any CPU
		{53E81393-E3F1-466D-B445-AA591294F969}.Release|Any CPU.ActiveCfg = Release|Any CPU
		{53E81393-E3F1-466D-B445-AA591294F969}.Release|Any CPU.Build.0 = Release|Any CPU
	EndGlobalSection
	GlobalSection(SolutionProperties) = preSolution
		HideSolutionNode = FALSE
	EndGlobalSection
	GlobalSection(ExtensibilityGlobals) = postSolution
		SolutionGuid = {001F6C08-5A29-4E05-A4CF-B71808CF92C5}
	EndGlobalSection
EndGlobal
